
Microsoft Visual Studio Solution File, Format Version 12.00
# Visual Studio Version 17
VisualStudioVersion = 17.0.31903.59
MinimumVisualStudioVersion = 10.0.40219.1
Project("{FAE04EC0-301F-11D3-BF4B-00C04F79EFBC}") = "EmpregaNet.Domain", "src\EmpregaNet.Domain\EmpregaNet.Domain.csproj", "{2057F03B-09B1-44E4-86B3-3D815570BB35}"
EndProject
Project("{FAE04EC0-301F-11D3-BF4B-00C04F79EFBC}") = "EmpregaNet.Application", "src\EmpregaNet.Application\EmpregaNet.Application.csproj", "{2312451A-B9FD-4CA0-A66D-7333115F8B4C}"
EndProject
Project("{FAE04EC0-301F-11D3-BF4B-00C04F79EFBC}") = "EmpregaNet.Infra", "src\EmpregaNet.Infra\EmpregaNet.Infra.csproj", "{CD66AE9F-7111-4D16-B519-63A1930C8DC9}"
EndProject
Project("{FAE04EC0-301F-11D3-BF4B-00C04F79EFBC}") = "EmpregaNet.Api", "src\EmpregaNet.Api\EmpregaNet.Api.csproj", "{AF25B83A-9016-4A6F-BADF-0A049BFA7CE4}"
EndProject
Project("{FAE04EC0-301F-11D3-BF4B-00C04F79EFBC}") = "tests", "tests\tests.csproj", "{5629CD5C-4763-4D93-93A0-9EEFCE24D8F7}"
EndProject
Project("{2150E333-8FDC-42A3-9474-1A3956D46DE8}") = "Bff", "Bff", "{019C950E-A97A-051D-A5FC-61C3B8C8F235}"
EndProject
Project("{FAE04EC0-301F-11D3-BF4B-00C04F79EFBC}") = "Bff.WebApi", "Bff\Bff.WebApi\Bff.WebApi.csproj", "{B24F56B1-6DF0-44C9-AD5F-383E2B50DFF2}"
EndProject
Project("{FAE04EC0-301F-11D3-BF4B-00C04F79EFBC}") = "Bff.Core", "Bff\Bff.Core\Bff.Core.csproj", "{6AA88D3A-6064-4ADF-83C4-6968A4A8F713}"
EndProject
Project("{FAE04EC0-301F-11D3-BF4B-00C04F79EFBC}") = "Bff.Infrastructure", "Bff\Bff.Infrastructure\Bff.Infrastructure.csproj", "{D479EA95-B068-475B-A91E-A6DE9BACC5BC}"
EndProject
Global
	GlobalSection(SolutionConfigurationPlatforms) = preSolution
		Debug|Any CPU = Debug|Any CPU
		Debug|x64 = Debug|x64
		Debug|x86 = Debug|x86
		Release|Any CPU = Release|Any CPU
		Release|x64 = Release|x64
		Release|x86 = Release|x86
	EndGlobalSection
	GlobalSection(ProjectConfigurationPlatforms) = postSolution
		{2057F03B-09B1-44E4-86B3-3D815570BB35}.Debug|Any CPU.ActiveCfg = Debug|Any CPU
		{2057F03B-09B1-44E4-86B3-3D815570BB35}.Debug|Any CPU.Build.0 = Debug|Any CPU
		{2057F03B-09B1-44E4-86B3-3D815570BB35}.Debug|x64.ActiveCfg = Debug|Any CPU
		{2057F03B-09B1-44E4-86B3-3D815570BB35}.Debug|x64.Build.0 = Debug|Any CPU
		{2057F03B-09B1-44E4-86B3-3D815570BB35}.Debug|x86.ActiveCfg = Debug|Any CPU
		{2057F03B-09B1-44E4-86B3-3D815570BB35}.Debug|x86.Build.0 = Debug|Any CPU
		{2057F03B-09B1-44E4-86B3-3D815570BB35}.Release|Any CPU.ActiveCfg = Release|Any CPU
		{2057F03B-09B1-44E4-86B3-3D815570BB35}.Release|Any CPU.Build.0 = Release|Any CPU
		{2057F03B-09B1-44E4-86B3-3D815570BB35}.Release|x64.ActiveCfg = Release|Any CPU
		{2057F03B-09B1-44E4-86B3-3D815570BB35}.Release|x64.Build.0 = Release|Any CPU
		{2057F03B-09B1-44E4-86B3-3D815570BB35}.Release|x86.ActiveCfg = Release|Any CPU
		{2057F03B-09B1-44E4-86B3-3D815570BB35}.Release|x86.Build.0 = Release|Any CPU
		{2312451A-B9FD-4CA0-A66D-7333115F8B4C}.Debug|Any CPU.ActiveCfg = Debug|Any CPU
		{2312451A-B9FD-4CA0-A66D-7333115F8B4C}.Debug|Any CPU.Build.0 = Debug|Any CPU
		{2312451A-B9FD-4CA0-A66D-7333115F8B4C}.Debug|x64.ActiveCfg = Debug|Any CPU
		{2312451A-B9FD-4CA0-A66D-7333115F8B4C}.Debug|x64.Build.0 = Debug|Any CPU
		{2312451A-B9FD-4CA0-A66D-7333115F8B4C}.Debug|x86.ActiveCfg = Debug|Any CPU
		{2312451A-B9FD-4CA0-A66D-7333115F8B4C}.Debug|x86.Build.0 = Debug|Any CPU
		{2312451A-B9FD-4CA0-A66D-7333115F8B4C}.Release|Any CPU.ActiveCfg = Release|Any CPU
		{2312451A-B9FD-4CA0-A66D-7333115F8B4C}.Release|Any CPU.Build.0 = Release|Any CPU
		{2312451A-B9FD-4CA0-A66D-7333115F8B4C}.Release|x64.ActiveCfg = Release|Any CPU
		{2312451A-B9FD-4CA0-A66D-7333115F8B4C}.Release|x64.Build.0 = Release|Any CPU
		{2312451A-B9FD-4CA0-A66D-7333115F8B4C}.Release|x86.ActiveCfg = Release|Any CPU
		{2312451A-B9FD-4CA0-A66D-7333115F8B4C}.Release|x86.Build.0 = Release|Any CPU
		{CD66AE9F-7111-4D16-B519-63A1930C8DC9}.Debug|Any CPU.ActiveCfg = Debug|Any CPU
		{CD66AE9F-7111-4D16-B519-63A1930C8DC9}.Debug|Any CPU.Build.0 = Debug|Any CPU
		{CD66AE9F-7111-4D16-B519-63A1930C8DC9}.Debug|x64.ActiveCfg = Debug|Any CPU
		{CD66AE9F-7111-4D16-B519-63A1930C8DC9}.Debug|x64.Build.0 = Debug|Any CPU
		{CD66AE9F-7111-4D16-B519-63A1930C8DC9}.Debug|x86.ActiveCfg = Debug|Any CPU
		{CD66AE9F-7111-4D16-B519-63A1930C8DC9}.Debug|x86.Build.0 = Debug|Any CPU
		{CD66AE9F-7111-4D16-B519-63A1930C8DC9}.Release|Any CPU.ActiveCfg = Release|Any CPU
		{CD66AE9F-7111-4D16-B519-63A1930C8DC9}.Release|Any CPU.Build.0 = Release|Any CPU
		{CD66AE9F-7111-4D16-B519-63A1930C8DC9}.Release|x64.ActiveCfg = Release|Any CPU
		{CD66AE9F-7111-4D16-B519-63A1930C8DC9}.Release|x64.Build.0 = Release|Any CPU
		{CD66AE9F-7111-4D16-B519-63A1930C8DC9}.Release|x86.ActiveCfg = Release|Any CPU
		{CD66AE9F-7111-4D16-B519-63A1930C8DC9}.Release|x86.Build.0 = Release|Any CPU
		{AF25B83A-9016-4A6F-BADF-0A049BFA7CE4}.Debug|Any CPU.ActiveCfg = Debug|Any CPU
		{AF25B83A-9016-4A6F-BADF-0A049BFA7CE4}.Debug|Any CPU.Build.0 = Debug|Any CPU
		{AF25B83A-9016-4A6F-BADF-0A049BFA7CE4}.Debug|x64.ActiveCfg = Debug|Any CPU
		{AF25B83A-9016-4A6F-BADF-0A049BFA7CE4}.Debug|x64.Build.0 = Debug|Any CPU
		{AF25B83A-9016-4A6F-BADF-0A049BFA7CE4}.Debug|x86.ActiveCfg = Debug|Any CPU
		{AF25B83A-9016-4A6F-BADF-0A049BFA7CE4}.Debug|x86.Build.0 = Debug|Any CPU
		{AF25B83A-9016-4A6F-BADF-0A049BFA7CE4}.Release|Any CPU.ActiveCfg = Release|Any CPU
		{AF25B83A-9016-4A6F-BADF-0A049BFA7CE4}.Release|Any CPU.Build.0 = Release|Any CPU
		{AF25B83A-9016-4A6F-BADF-0A049BFA7CE4}.Release|x64.ActiveCfg = Release|Any CPU
		{AF25B83A-9016-4A6F-BADF-0A049BFA7CE4}.Release|x64.Build.0 = Release|Any CPU
		{AF25B83A-9016-4A6F-BADF-0A049BFA7CE4}.Release|x86.ActiveCfg = Release|Any CPU
		{AF25B83A-9016-4A6F-BADF-0A049BFA7CE4}.Release|x86.Build.0 = Release|Any CPU
		{5629CD5C-4763-4D93-93A0-9EEFCE24D8F7}.Debug|Any CPU.ActiveCfg = Debug|Any CPU
		{5629CD5C-4763-4D93-93A0-9EEFCE24D8F7}.Debug|Any CPU.Build.0 = Debug|Any CPU
		{5629CD5C-4763-4D93-93A0-9EEFCE24D8F7}.Debug|x64.ActiveCfg = Debug|Any CPU
		{5629CD5C-4763-4D93-93A0-9EEFCE24D8F7}.Debug|x64.Build.0 = Debug|Any CPU
		{5629CD5C-4763-4D93-93A0-9EEFCE24D8F7}.Debug|x86.ActiveCfg = Debug|Any CPU
		{5629CD5C-4763-4D93-93A0-9EEFCE24D8F7}.Debug|x86.Build.0 = Debug|Any CPU
		{5629CD5C-4763-4D93-93A0-9EEFCE24D8F7}.Release|Any CPU.ActiveCfg = Release|Any CPU
		{5629CD5C-4763-4D93-93A0-9EEFCE24D8F7}.Release|Any CPU.Build.0 = Release|Any CPU
		{5629CD5C-4763-4D93-93A0-9EEFCE24D8F7}.Release|x64.ActiveCfg = Release|Any CPU
		{5629CD5C-4763-4D93-93A0-9EEFCE24D8F7}.Release|x64.Build.0 = Release|Any CPU
		{5629CD5C-4763-4D93-93A0-9EEFCE24D8F7}.Release|x86.ActiveCfg = Release|Any CPU
		{5629CD5C-4763-4D93-93A0-9EEFCE24D8F7}.Release|x86.Build.0 = Release|Any CPU
		{B24F56B1-6DF0-44C9-AD5F-383E2B50DFF2}.Debug|Any CPU.ActiveCfg = Debug|Any CPU
		{B24F56B1-6DF0-44C9-AD5F-383E2B50DFF2}.Debug|Any CPU.Build.0 = Debug|Any CPU
		{B24F56B1-6DF0-44C9-AD5F-383E2B50DFF2}.Debug|x64.ActiveCfg = Debug|Any CPU
		{B24F56B1-6DF0-44C9-AD5F-383E2B50DFF2}.Debug|x64.Build.0 = Debug|Any CPU
		{B24F56B1-6DF0-44C9-AD5F-383E2B50DFF2}.Debug|x86.ActiveCfg = Debug|Any CPU
		{B24F56B1-6DF0-44C9-AD5F-383E2B50DFF2}.Debug|x86.Build.0 = Debug|Any CPU
		{B24F56B1-6DF0-44C9-AD5F-383E2B50DFF2}.Release|Any CPU.ActiveCfg = Release|Any CPU
		{B24F56B1-6DF0-44C9-AD5F-383E2B50DFF2}.Release|Any CPU.Build.0 = Release|Any CPU
		{B24F56B1-6DF0-44C9-AD5F-383E2B50DFF2}.Release|x64.ActiveCfg = Release|Any CPU
		{B24F56B1-6DF0-44C9-AD5F-383E2B50DFF2}.Release|x64.Build.0 = Release|Any CPU
		{B24F56B1-6DF0-44C9-AD5F-383E2B50DFF2}.Release|x86.ActiveCfg = Release|Any CPU
		{B24F56B1-6DF0-44C9-AD5F-383E2B50DFF2}.Release|x86.Build.0 = Release|Any CPU
		{6AA88D3A-6064-4ADF-83C4-6968A4A8F713}.Debug|Any CPU.ActiveCfg = Debug|Any CPU
		{6AA88D3A-6064-4ADF-83C4-6968A4A8F713}.Debug|Any CPU.Build.0 = Debug|Any CPU
		{6AA88D3A-6064-4ADF-83C4-6968A4A8F713}.Debug|x64.ActiveCfg = Debug|Any CPU
		{6AA88D3A-6064-4ADF-83C4-6968A4A8F713}.Debug|x64.Build.0 = Debug|Any CPU
		{6AA88D3A-6064-4ADF-83C4-6968A4A8F713}.Debug|x86.ActiveCfg = Debug|Any CPU
		{6AA88D3A-6064-4ADF-83C4-6968A4A8F713}.Debug|x86.Build.0 = Debug|Any CPU
		{6AA88D3A-6064-4ADF-83C4-6968A4A8F713}.Release|Any CPU.ActiveCfg = Release|Any CPU
		{6AA88D3A-6064-4ADF-83C4-6968A4A8F713}.Release|Any CPU.Build.0 = Release|Any CPU
		{6AA88D3A-6064-4ADF-83C4-6968A4A8F713}.Release|x64.ActiveCfg = Release|Any CPU
		{6AA88D3A-6064-4ADF-83C4-6968A4A8F713}.Release|x64.Build.0 = Release|Any CPU
		{6AA88D3A-6064-4ADF-83C4-6968A4A8F713}.Release|x86.ActiveCfg = Release|Any CPU
		{6AA88D3A-6064-4ADF-83C4-6968A4A8F713}.Release|x86.Build.0 = Release|Any CPU
		{D479EA95-B068-475B-A91E-A6DE9BACC5BC}.Debug|Any CPU.ActiveCfg = Debug|Any CPU
		{D479EA95-B068-475B-A91E-A6DE9BACC5BC}.Debug|Any CPU.Build.0 = Debug|Any CPU
		{D479EA95-B068-475B-A91E-A6DE9BACC5BC}.Debug|x64.ActiveCfg = Debug|Any CPU
		{D479EA95-B068-475B-A91E-A6DE9BACC5BC}.Debug|x64.Build.0 = Debug|Any CPU
		{D479EA95-B068-475B-A91E-A6DE9BACC5BC}.Debug|x86.ActiveCfg = Debug|Any CPU
		{D479EA95-B068-475B-A91E-A6DE9BACC5BC}.Debug|x86.Build.0 = Debug|Any CPU
		{D479EA95-B068-475B-A91E-A6DE9BACC5BC}.Release|Any CPU.ActiveCfg = Release|Any CPU
		{D479EA95-B068-475B-A91E-A6DE9BACC5BC}.Release|Any CPU.Build.0 = Release|Any CPU
		{D479EA95-B068-475B-A91E-A6DE9BACC5BC}.Release|x64.ActiveCfg = Release|Any CPU
		{D479EA95-B068-475B-A91E-A6DE9BACC5BC}.Release|x64.Build.0 = Release|Any CPU
		{D479EA95-B068-475B-A91E-A6DE9BACC5BC}.Release|x86.ActiveCfg = Release|Any CPU
		{D479EA95-B068-475B-A91E-A6DE9BACC5BC}.Release|x86.Build.0 = Release|Any CPU
	EndGlobalSection
	GlobalSection(SolutionProperties) = preSolution
		HideSolutionNode = FALSE
	EndGlobalSection
	GlobalSection(NestedProjects) = preSolution
		{B24F56B1-6DF0-44C9-AD5F-383E2B50DFF2} = {019C950E-A97A-051D-A5FC-61C3B8C8F235}
		{6AA88D3A-6064-4ADF-83C4-6968A4A8F713} = {019C950E-A97A-051D-A5FC-61C3B8C8F235}
		{D479EA95-B068-475B-A91E-A6DE9BACC5BC} = {019C950E-A97A-051D-A5FC-61C3B8C8F235}
	EndGlobalSection
EndGlobal
